
Microsoft Visual Studio Solution File, Format Version 12.00
# Visual Studio Version 17
VisualStudioVersion = 17.0.32002.185
MinimumVisualStudioVersion = 10.0.40219.1
Project("{9A19103F-16F7-4668-BE54-9A1E7A4F7556}") = "VehicleTrackingSystem", "VehicleTrackingSystem\VehicleTrackingSystem.csproj", "{69C69961-3EA4-4F83-87D7-85BCF45036FB}"
EndProject
Project("{9A19103F-16F7-4668-BE54-9A1E7A4F7556}") = "VehicleTrackingSystem.DataAccess", "VehicleTrackingSystem.DataAccess\VehicleTrackingSystem.DataAccess.csproj", "{A5587E34-515D-4E67-AA1B-7EFC7653F4C0}"
EndProject
Project("{9A19103F-16F7-4668-BE54-9A1E7A4F7556}") = "VehicleTrackingSystem.Application", "VehicleTrackingSystem.Domain\VehicleTrackingSystem.Application.csproj", "{A22F8433-000A-41A9-ADD9-CD1741ABBCC2}"
EndProject
Project("{9A19103F-16F7-4668-BE54-9A1E7A4F7556}") = "VehicleTrackingSystem.ServiceBusTriggerFunction", "VehicleTrackingSystem.ServiceBusTriggerFunction\VehicleTrackingSystem.ServiceBusTriggerFunction.csproj", "{8C941349-7515-4730-9585-2E7ED675B0EC}"
EndProject
Global
	GlobalSection(SolutionConfigurationPlatforms) = preSolution
		Debug|Any CPU = Debug|Any CPU
		Release|Any CPU = Release|Any CPU
	EndGlobalSection
	GlobalSection(ProjectConfigurationPlatforms) = postSolution
		{69C69961-3EA4-4F83-87D7-85BCF45036FB}.Debug|Any CPU.ActiveCfg = Debug|Any CPU
		{69C69961-3EA4-4F83-87D7-85BCF45036FB}.Debug|Any CPU.Build.0 = Debug|Any CPU
		{69C69961-3EA4-4F83-87D7-85BCF45036FB}.Release|Any CPU.ActiveCfg = Release|Any CPU
		{69C69961-3EA4-4F83-87D7-85BCF45036FB}.Release|Any CPU.Build.0 = Release|Any CPU
		{A5587E34-515D-4E67-AA1B-7EFC7653F4C0}.Debug|Any CPU.ActiveCfg = Debug|Any CPU
		{A5587E34-515D-4E67-AA1B-7EFC7653F4C0}.Debug|Any CPU.Build.0 = Debug|Any CPU
		{A5587E34-515D-4E67-AA1B-7EFC7653F4C0}.Release|Any CPU.ActiveCfg = Release|Any CPU
		{A5587E34-515D-4E67-AA1B-7EFC7653F4C0}.Release|Any CPU.Build.0 = Release|Any CPU
		{A22F8433-000A-41A9-ADD9-CD1741ABBCC2}.Debug|Any CPU.ActiveCfg = Debug|Any CPU
		{A22F8433-000A-41A9-ADD9-CD1741ABBCC2}.Debug|Any CPU.Build.0 = Debug|Any CPU
		{A22F8433-000A-41A9-ADD9-CD1741ABBCC2}.Release|Any CPU.ActiveCfg = Release|Any CPU
		{A22F8433-000A-41A9-ADD9-CD1741ABBCC2}.Release|Any CPU.Build.0 = Release|Any CPU
		{8C941349-7515-4730-9585-2E7ED675B0EC}.Debug|Any CPU.ActiveCfg = Debug|Any CPU
		{8C941349-7515-4730-9585-2E7ED675B0EC}.Debug|Any CPU.Build.0 = Debug|Any CPU
		{8C941349-7515-4730-9585-2E7ED675B0EC}.Release|Any CPU.ActiveCfg = Release|Any CPU
		{8C941349-7515-4730-9585-2E7ED675B0EC}.Release|Any CPU.Build.0 = Release|Any CPU
	EndGlobalSection
	GlobalSection(SolutionProperties) = preSolution
		HideSolutionNode = FALSE
	EndGlobalSection
	GlobalSection(ExtensibilityGlobals) = postSolution
		SolutionGuid = {E1617D1E-D53F-4DF6-BB53-54FDD080ED5D}
	EndGlobalSection
EndGlobal
